{
  "version": 4,
  "terraform_version": "1.5.7",
  "serial": 8,
  "lineage": "9ecd5bf5-fa19-4b93-6dc2-d74fd3f6333f",
  "outputs": {},
  "resources": [
    {
      "module": "module.tictactoe_backend_setup",
      "mode": "data",
      "type": "aws_caller_identity",
      "name": "current",
      "provider": "module.tictactoe_backend_setup.provider[\"registry.terraform.io/hashicorp/aws\"]",
      "instances": [
        {
          "schema_version": 0,
          "attributes": {
            "account_id": "953909302469",
            "arn": "arn:aws:iam::953909302469:user/admin",
            "id": "953909302469",
            "user_id": "AIDA54GLM2TC6K4VORUOT"
          },
          "sensitive_attributes": []
        }
      ]
    },
    {
      "module": "module.tictactoe_backend_setup",
      "mode": "managed",
      "type": "aws_dynamodb_table",
      "name": "terraform_locks",
      "provider": "module.tictactoe_backend_setup.provider[\"registry.terraform.io/hashicorp/aws\"]",
      "instances": [
        {
          "schema_version": 1,
          "attributes": {
            "arn": "arn:aws:dynamodb:us-east-1:953909302469:table/riyaz-backend-locker-dynamodb-table-20260122",
            "attribute": [
              {
                "name": "LockID",
                "type": "S"
              }
            ],
            "billing_mode": "PAY_PER_REQUEST",
            "deletion_protection_enabled": false,
            "global_secondary_index": [],
            "hash_key": "LockID",
            "id": "riyaz-backend-locker-dynamodb-table-20260122",
            "import_table": [],
            "local_secondary_index": [],
            "name": "riyaz-backend-locker-dynamodb-table-20260122",
            "on_demand_throughput": [],
            "point_in_time_recovery": [
              {
                "enabled": false,
                "recovery_period_in_days": 0
              }
            ],
            "range_key": null,
            "read_capacity": 0,
            "replica": [],
            "restore_date_time": null,
            "restore_source_name": null,
            "restore_source_table_arn": null,
            "restore_to_latest_time": null,
            "server_side_encryption": [],
            "stream_arn": "",
            "stream_enabled": false,
            "stream_label": "",
            "stream_view_type": "",
            "table_class": "STANDARD",
            "tags": null,
            "tags_all": {},
            "timeouts": null,
            "ttl": [
              {
                "attribute_name": "",
                "enabled": false
              }
            ],
            "write_capacity": 0
          },
          "sensitive_attributes": [],
          "private": "eyJlMmJmYjczMC1lY2FhLTExZTYtOGY4OC0zNDM2M2JjN2M0YzAiOnsiY3JlYXRlIjoxODAwMDAwMDAwMDAwLCJkZWxldGUiOjYwMDAwMDAwMDAwMCwidXBkYXRlIjozNjAwMDAwMDAwMDAwfSwic2NoZW1hX3ZlcnNpb24iOiIxIn0="
        }
      ]
    },
    {
      "module": "module.tictactoe_backend_setup",
      "mode": "managed",
      "type": "aws_kms_key",
      "name": "s3_encryption_key",
      "provider": "module.tictactoe_backend_setup.provider[\"registry.terraform.io/hashicorp/aws\"]",
      "instances": [
        {
          "schema_version": 0,
          "attributes": {
            "arn": "arn:aws:kms:us-east-1:953909302469:key/8270a8f1-f4dc-47ee-9316-13f0d1a537d0",
            "bypass_policy_lockout_safety_check": false,
            "custom_key_store_id": "",
            "customer_master_key_spec": "SYMMETRIC_DEFAULT",
            "deletion_window_in_days": 20,
            "description": "S3 bucket encryption master key",
            "enable_key_rotation": true,
            "id": "8270a8f1-f4dc-47ee-9316-13f0d1a537d0",
            "is_enabled": true,
            "key_id": "8270a8f1-f4dc-47ee-9316-13f0d1a537d0",
            "key_usage": "ENCRYPT_DECRYPT",
            "multi_region": false,
            "policy": "{\"Id\":\"key-default-1\",\"Statement\":[{\"Action\":\"kms:*\",\"Effect\":\"Allow\",\"Principal\":{\"AWS\":\"arn:aws:iam::953909302469:root\"},\"Resource\":\"*\",\"Sid\":\"Enable IAM User Permissions\"},{\"Action\":[\"kms:Decrypt\",\"kms:GenerateDataKey*\",\"kms:Encrypt\",\"kms:ReEncrypt*\",\"kms:DescribeKey\"],\"Effect\":\"Allow\",\"Principal\":{\"AWS\":\"arn:aws:iam::953909302469:role/GhaAssumeRoleWithAction\"},\"Resource\":\"*\",\"Sid\":\"Allow administration of the key\"}],\"Version\":\"2012-10-17\"}",
            "rotation_period_in_days": 365,
            "tags": null,
            "tags_all": {},
            "timeouts": null,
            "xks_key_id": ""
          },
          "sensitive_attributes": [],
          "private": "eyJlMmJmYjczMC1lY2FhLTExZTYtOGY4OC0zNDM2M2JjN2M0YzAiOnsiY3JlYXRlIjoxMjAwMDAwMDAwMDB9fQ==",
          "dependencies": [
            "module.tictactoe_backend_setup.data.aws_caller_identity.current"
          ]
        }
      ]
    },
    {
      "module": "module.tictactoe_backend_setup",
      "mode": "managed",
      "type": "aws_s3_bucket",
      "name": "terraform_state",
      "provider": "module.tictactoe_backend_setup.provider[\"registry.terraform.io/hashicorp/aws\"]",
      "instances": [
        {
          "schema_version": 0,
          "attributes": {
            "acceleration_status": "",
            "acl": null,
            "arn": "arn:aws:s3:::us-east-1-riyaz-tictactoe-backend-bucket-20260122",
            "bucket": "us-east-1-riyaz-tictactoe-backend-bucket-20260122",
            "bucket_domain_name": "us-east-1-riyaz-tictactoe-backend-bucket-20260122.s3.amazonaws.com",
            "bucket_prefix": "",
            "bucket_regional_domain_name": "us-east-1-riyaz-tictactoe-backend-bucket-20260122.s3.us-east-1.amazonaws.com",
            "cors_rule": [],
            "force_destroy": false,
            "grant": [
              {
                "id": "384289303f32f88c1234a4eda52c867ce8477c504db74ebba3c911bd3da796fe",
                "permissions": [
                  "FULL_CONTROL"
                ],
                "type": "CanonicalUser",
                "uri": ""
              }
            ],
            "hosted_zone_id": "Z3AQBSTGFYJSTF",
            "id": "us-east-1-riyaz-tictactoe-backend-bucket-20260122",
            "lifecycle_rule": [],
            "logging": [],
            "object_lock_configuration": [],
            "object_lock_enabled": false,
            "policy": "",
            "region": "us-east-1",
            "replication_configuration": [],
            "request_payer": "BucketOwner",
            "server_side_encryption_configuration": [
              {
                "rule": [
                  {
                    "apply_server_side_encryption_by_default": [
                      {
                        "kms_master_key_id": "",
                        "sse_algorithm": "AES256"
                      }
                    ],
                    "bucket_key_enabled": false
                  }
                ]
              }
            ],
            "tags": null,
            "tags_all": {},
            "timeouts": null,
            "versioning": [
              {
                "enabled": false,
                "mfa_delete": false
              }
            ],
            "website": [],
            "website_domain": null,
            "website_endpoint": null
          },
          "sensitive_attributes": [],
          "private": "eyJlMmJmYjczMC1lY2FhLTExZTYtOGY4OC0zNDM2M2JjN2M0YzAiOnsiY3JlYXRlIjoxMjAwMDAwMDAwMDAwLCJkZWxldGUiOjM2MDAwMDAwMDAwMDAsInJlYWQiOjEyMDAwMDAwMDAwMDAsInVwZGF0ZSI6MTIwMDAwMDAwMDAwMH19"
        }
      ]
    }
  ],
  "check_results": null
}
